
Microsoft Visual Studio Solution File, Format Version 12.00
# Visual Studio Version 17
VisualStudioVersion = 17.8.34511.84
MinimumVisualStudioVersion = 10.0.40219.1
Project("{FAE04EC0-301F-11D3-BF4B-00C04F79EFBC}") = "TokenGen.WebApi", "TokenGen.WebApi\TokenGen.WebApi.csproj", "{88639A5B-3DB5-4732-B3C5-C719E631F604}"
EndProject
Global
	GlobalSection(SolutionConfigurationPlatforms) = preSolution
		Debug|Any CPU = Debug|Any CPU
		Release|Any CPU = Release|Any CPU
	EndGlobalSection
	GlobalSection(ProjectConfigurationPlatforms) = postSolution
		{88639A5B-3DB5-4732-B3C5-C719E631F604}.Debug|Any CPU.ActiveCfg = Debug|Any CPU
		{88639A5B-3DB5-4732-B3C5-C719E631F604}.Debug|Any CPU.Build.0 = Debug|Any CPU
		{88639A5B-3DB5-4732-B3C5-C719E631F604}.Release|Any CPU.ActiveCfg = Release|Any CPU
		{88639A5B-3DB5-4732-B3C5-C719E631F604}.Release|Any CPU.Build.0 = Release|Any CPU
	EndGlobalSection
	GlobalSection(SolutionProperties) = preSolution
		HideSolutionNode = FALSE
	EndGlobalSection
	GlobalSection(ExtensibilityGlobals) = postSolution
		SolutionGuid = {272C68D4-AF3C-4468-BB6B-E5C5DA407F72}
	EndGlobalSection
EndGlobal
